
Microsoft Visual Studio Solution File, Format Version 12.00
# Visual Studio 15
VisualStudioVersion = 15.0.28010.2016
MinimumVisualStudioVersion = 10.0.40219.1
Project("{9A19103F-16F7-4668-BE54-9A1E7A4F7556}") = "meizitu", "meizitu.csproj", "{0E028604-04D2-4CE8-ABCA-9865C46204AE}"
EndProject
Global
	GlobalSection(SolutionConfigurationPlatforms) = preSolution
		Debug|Any CPU = Debug|Any CPU
		Release|Any CPU = Release|Any CPU
	EndGlobalSection
	GlobalSection(ProjectConfigurationPlatforms) = postSolution
		{0E028604-04D2-4CE8-ABCA-9865C46204AE}.Debug|Any CPU.ActiveCfg = Debug|Any CPU
		{0E028604-04D2-4CE8-ABCA-9865C46204AE}.Debug|Any CPU.Build.0 = Debug|Any CPU
		{0E028604-04D2-4CE8-ABCA-9865C46204AE}.Release|Any CPU.ActiveCfg = Release|Any CPU
		{0E028604-04D2-4CE8-ABCA-9865C46204AE}.Release|Any CPU.Build.0 = Release|Any CPU
	EndGlobalSection
	GlobalSection(SolutionProperties) = preSolution
		HideSolutionNode = FALSE
	EndGlobalSection
	GlobalSection(ExtensibilityGlobals) = postSolution
		SolutionGuid = {3BF7ED17-CA7E-4DF8-9ADD-ABBA9A2B7D9D}
	EndGlobalSection
EndGlobal
